<?xml version="1.0" encoding="utf-8"?>
<Project ToolsVersion="4.0" xmlns="http://schemas.microsoft.com/developer/msbuild/2003">
  <ItemGroup>
    <Filter Include="Header Files">
      <UniqueIdentifier>{93995380-89BD-4b04-88EB-625FBE52EBFB}</UniqueIdentifier>
      <Extensions>h;hpp;hxx;hm;inl;inc;xsd</Extensions>
    </Filter>
    <Filter Include="Header Files\zlib">
      <UniqueIdentifier>{1fbe14f1-aecf-4c29-bc77-2763a3ee273e}</UniqueIdentifier>
    </Filter>
    <Filter Include="Resource Files">
      <UniqueIdentifier>{67DA6AB6-F800-4c08-8B7A-83BB121AAD01}</UniqueIdentifier>
      <Extensions>rc;ico;cur;bmp;dlg;rc2;rct;bin;rgs;gif;jpg;jpeg;jpe;resx</Extensions>
    </Filter>
    <Filter Include="Source Files">
      <UniqueIdentifier>{4FC737F1-C7A5-4376-A066-2A32D752A2FF}</UniqueIdentifier>
      <Extensions>cpp;c;cc;cxx;def;odl;idl;hpj;bat;asm;asmx</Extensions>
    </Filter>
    <Filter Include="Source Files\zlib">
      <UniqueIdentifier>{484c10ab-e332-4ee8-b6f6-1bfa737d9421}</UniqueIdentifier>
    </Filter>
    <Filter Include="Driver Files">
      <UniqueIdentifier>{289fbe62-9335-4de0-8cb6-ded57e0f1230}</UniqueIdentifier>
    </Filter>
    <Filter Include="Source Files\zstd">
      <UniqueIdentifier>{f6703118-01e8-4237-97c1-ecf7765d7233}</UniqueIdentifier>
    </Filter>
    <Filter Include="Header Files\zstd">
      <UniqueIdentifier>{b92de417-4f4b-44e3-9cf0-5347e97b8058}</UniqueIdentifier>
    </Filter>
  </ItemGroup>
  <ItemGroup>
    <ClInclude Include="src\btrfs.h">
      <Filter>Header Files</Filter>
    </ClInclude>
    <ClInclude Include="src\btrfs_drv.h">
      <Filter>Header Files</Filter>
    </ClInclude>
    <ClInclude Include="src\resource.h">
      <Filter>Header Files</Filter>
    </ClInclude>
    <ClInclude Include="src\zlib\deflate.h">
      <Filter>Header Files\zlib</Filter>
    </ClInclude>
    <ClInclude Include="src\zlib\inffast.h">
      <Filter>Header Files\zlib</Filter>
    </ClInclude>
    <ClInclude Include="src\zlib\inffixed.h">
      <Filter>Header Files\zlib</Filter>
    </ClInclude>
    <ClInclude Include="src\zlib\inflate.h">
      <Filter>Header Files\zlib</Filter>
    </ClInclude>
    <ClInclude Include="src\zlib\inftrees.h">
      <Filter>Header Files\zlib</Filter>
    </ClInclude>
    <ClInclude Include="src\zlib\trees.h">
      <Filter>Header Files\zlib</Filter>
    </ClInclude>
    <ClInclude Include="src\zlib\zconf.h">
      <Filter>Header Files\zlib</Filter>
    </ClInclude>
    <ClInclude Include="src\zlib\zutil.h">
      <Filter>Header Files\zlib</Filter>
    </ClInclude>
    <ClInclude Include="src\zstd\bitstream.h">
      <Filter>Header Files\zstd</Filter>
    </ClInclude>
    <ClInclude Include="src\zstd\compiler.h">
      <Filter>Header Files\zstd</Filter>
    </ClInclude>
    <ClInclude Include="src\zstd\cpu.h">
      <Filter>Header Files\zstd</Filter>
    </ClInclude>
    <ClInclude Include="src\zstd\debug.h">
      <Filter>Header Files\zstd</Filter>
    </ClInclude>
    <ClInclude Include="src\zstd\error_private.h">
      <Filter>Header Files\zstd</Filter>
    </ClInclude>
    <ClInclude Include="src\zstd\fse.h">
      <Filter>Header Files\zstd</Filter>
    </ClInclude>
    <ClInclude Include="src\zstd\huf.h">
      <Filter>Header Files\zstd</Filter>
    </ClInclude>
    <ClInclude Include="src\zstd\mem.h">
      <Filter>Header Files\zstd</Filter>
    </ClInclude>
    <ClInclude Include="src\zstd\zstd.h">
      <Filter>Header Files\zstd</Filter>
    </ClInclude>
    <ClInclude Include="src\zstd\zstd_errors.h">
      <Filter>Header Files\zstd</Filter>
    </ClInclude>
    <ClInclude Include="src\zstd\zstd_internal.h">
      <Filter>Header Files\zstd</Filter>
    </ClInclude>
    <ClInclude Include="src\zstd\zstd_opt.h">
      <Filter>Header Files\zstd</Filter>
    </ClInclude>
    <ClInclude Include="src\zstd\zstd_ldm.h">
      <Filter>Header Files\zstd</Filter>
    </ClInclude>
    <ClInclude Include="src\zstd\zstd_lazy.h">
      <Filter>Header Files\zstd</Filter>
    </ClInclude>
    <ClInclude Include="src\zstd\zstd_fast.h">
      <Filter>Header Files\zstd</Filter>
    </ClInclude>
    <ClInclude Include="src\zstd\zstd_double_fast.h">
      <Filter>Header Files\zstd</Filter>
    </ClInclude>
    <ClInclude Include="src\zstd\zstd_compress_internal.h">
      <Filter>Header Files\zstd</Filter>
    </ClInclude>
    <ClInclude Include="src\zstd\hist.h">
      <Filter>Header Files\zstd</Filter>
    </ClInclude>
    <ClInclude Include="src\xxhash.h">
      <Filter>Header Files</Filter>
    </ClInclude>
    <ClInclude Include="src\blake2-impl.h">
      <Filter>Header Files</Filter>
    </ClInclude>
    <ClInclude Include="src\crc32c.h">
      <Filter>Header Files</Filter>
    </ClInclude>
  </ItemGroup>
  <ItemGroup>
    <ResourceCompile Include="src\btrfs.rc">
      <Filter>Resource Files</Filter>
    </ResourceCompile>
  </ItemGroup>
  <ItemGroup>
    <ClCompile Include="src\balance.c">
      <Filter>Source Files</Filter>
    </ClCompile>
    <ClCompile Include="src\btrfs.c">
      <Filter>Source Files</Filter>
    </ClCompile>
    <ClCompile Include="src\cache.c">
      <Filter>Source Files</Filter>
    </ClCompile>
    <ClCompile Include="src\calcthread.c">
      <Filter>Source Files</Filter>
    </ClCompile>
    <ClCompile Include="src\compress.c">
      <Filter>Source Files</Filter>
    </ClCompile>
    <ClCompile Include="src\crc32c.c">
      <Filter>Source Files</Filter>
    </ClCompile>
    <ClCompile Include="src\create.c">
      <Filter>Source Files</Filter>
    </ClCompile>
    <ClCompile Include="src\devctrl.c">
      <Filter>Source Files</Filter>
    </ClCompile>
    <ClCompile Include="src\dirctrl.c">
      <Filter>Source Files</Filter>
    </ClCompile>
    <ClCompile Include="src\extent-tree.c">
      <Filter>Source Files</Filter>
    </ClCompile>
    <ClCompile Include="src\fastio.c">
      <Filter>Source Files</Filter>
    </ClCompile>
    <ClCompile Include="src\fileinfo.c">
      <Filter>Source Files</Filter>
    </ClCompile>
    <ClCompile Include="src\flushthread.c">
      <Filter>Source Files</Filter>
    </ClCompile>
    <ClCompile Include="src\free-space.c">
      <Filter>Source Files</Filter>
    </ClCompile>
    <ClCompile Include="src\fsctl.c">
      <Filter>Source Files</Filter>
    </ClCompile>
    <ClCompile Include="src\galois.c">
      <Filter>Source Files</Filter>
    </ClCompile>
    <ClCompile Include="src\pnp.c">
      <Filter>Source Files</Filter>
    </ClCompile>
    <ClCompile Include="src\read.c">
      <Filter>Source Files</Filter>
    </ClCompile>
    <ClCompile Include="src\registry.c">
      <Filter>Source Files</Filter>
    </ClCompile>
    <ClCompile Include="src\reparse.c">
      <Filter>Source Files</Filter>
    </ClCompile>
    <ClCompile Include="src\scrub.c">
      <Filter>Source Files</Filter>
    </ClCompile>
    <ClCompile Include="src\search.c">
      <Filter>Source Files</Filter>
    </ClCompile>
    <ClCompile Include="src\security.c">
      <Filter>Source Files</Filter>
    </ClCompile>
    <ClCompile Include="src\send.c">
      <Filter>Source Files</Filter>
    </ClCompile>
    <ClCompile Include="src\treefuncs.c">
      <Filter>Source Files</Filter>
    </ClCompile>
    <ClCompile Include="src\volume.c">
      <Filter>Source Files</Filter>
    </ClCompile>
    <ClCompile Include="src\worker-thread.c">
      <Filter>Source Files</Filter>
    </ClCompile>
    <ClCompile Include="src\write.c">
      <Filter>Source Files</Filter>
    </ClCompile>
    <ClCompile Include="src\zlib\adler32.c">
      <Filter>Source Files\zlib</Filter>
    </ClCompile>
    <ClCompile Include="src\zlib\deflate.c">
      <Filter>Source Files\zlib</Filter>
    </ClCompile>
    <ClCompile Include="src\zlib\inffast.c">
      <Filter>Source Files\zlib</Filter>
    </ClCompile>
    <ClCompile Include="src\zlib\inflate.c">
      <Filter>Source Files\zlib</Filter>
    </ClCompile>
    <ClCompile Include="src\zlib\inftrees.c">
      <Filter>Source Files\zlib</Filter>
    </ClCompile>
    <ClCompile Include="src\zlib\trees.c">
      <Filter>Source Files\zlib</Filter>
    </ClCompile>
    <ClCompile Include="src\zlib\zutil.c">
      <Filter>Source Files\zlib</Filter>
    </ClCompile>
    <ClCompile Include="src\zstd\entropy_common.c">
      <Filter>Source Files\zstd</Filter>
    </ClCompile>
    <ClCompile Include="src\zstd\error_private.c">
      <Filter>Source Files\zstd</Filter>
    </ClCompile>
    <ClCompile Include="src\zstd\fse_decompress.c">
      <Filter>Source Files\zstd</Filter>
    </ClCompile>
    <ClCompile Include="src\zstd\huf_decompress.c">
      <Filter>Source Files\zstd</Filter>
    </ClCompile>
    <ClCompile Include="src\zstd\zstd_common.c">
      <Filter>Source Files\zstd</Filter>
    </ClCompile>
    <ClCompile Include="src\zstd\zstd_decompress.c">
      <Filter>Source Files\zstd</Filter>
    </ClCompile>
    <ClCompile Include="src\zstd\fse_compress.c">
      <Filter>Source Files\zstd</Filter>
    </ClCompile>
    <ClCompile Include="src\zstd\hist.c">
      <Filter>Source Files\zstd</Filter>
    </ClCompile>
    <ClCompile Include="src\zstd\huf_compress.c">
      <Filter>Source Files\zstd</Filter>
    </ClCompile>
    <ClCompile Include="src\zstd\zstd_compress.c">
      <Filter>Source Files\zstd</Filter>
    </ClCompile>
    <ClCompile Include="src\zstd\zstd_double_fast.c">
      <Filter>Source Files\zstd</Filter>
    </ClCompile>
    <ClCompile Include="src\zstd\zstd_fast.c">
      <Filter>Source Files\zstd</Filter>
    </ClCompile>
    <ClCompile Include="src\zstd\zstd_lazy.c">
      <Filter>Source Files\zstd</Filter>
    </ClCompile>
    <ClCompile Include="src\zstd\zstd_ldm.c">
      <Filter>Source Files\zstd</Filter>
    </ClCompile>
    <ClCompile Include="src\zstd\zstd_opt.c">
      <Filter>Source Files\zstd</Filter>
    </ClCompile>
    <ClCompile Include="src\fsrtl.c">
      <Filter>Source Files</Filter>
    </ClCompile>
    <ClCompile Include="src\boot.c">
      <Filter>Source Files</Filter>
    </ClCompile>
    <ClCompile Include="src\xxhash.c">
      <Filter>Source Files</Filter>
    </ClCompile>
    <ClCompile Include="src\sha256.c">
      <Filter>Source Files</Filter>
    </ClCompile>
    <ClCompile Include="src\blake2b-ref.c">
      <Filter>Source Files</Filter>
    </ClCompile>
  </ItemGroup>
  <ItemGroup>
    <MASM Include="src\crc32c-amd64-masm.S">
      <Filter>Source Files</Filter>
    </MASM>
    <MASM Include="src\crc32c-x86-masm.S" />
  </ItemGroup>
</Project>