<?xml version="1.0" encoding="utf-8"?>
<Project ToolsVersion="4.0" xmlns="http://schemas.microsoft.com/developer/msbuild/2003">
  <ItemGroup>
    <Filter Include="Header Files">
      <UniqueIdentifier>{93995380-89BD-4b04-88EB-625FBE52EBFB}</UniqueIdentifier>
      <Extensions>h;hpp;hxx;hm;inl;inc;xsd</Extensions>
    </Filter>
    <Filter Include="Resource Files">
      <UniqueIdentifier>{67DA6AB6-F800-4c08-8B7A-83BB121AAD01}</UniqueIdentifier>
      <Extensions>rc;ico;cur;bmp;dlg;rc2;rct;bin;rgs;gif;jpg;jpeg;jpe;resx</Extensions>
    </Filter>
    <Filter Include="Source Files">
      <UniqueIdentifier>{4FC737F1-C7A5-4376-A066-2A32D752A2FF}</UniqueIdentifier>
      <Extensions>cpp;c;cc;cxx;def;odl;idl;hpj;bat;asm;asmx</Extensions>
    </Filter>
  </ItemGroup>
  <ItemGroup>
    <ClInclude Include="src\btrfs.h">
      <Filter>Header Files</Filter>
    </ClInclude>
    <ClInclude Include="src\btrfs_drv.h">
      <Filter>Header Files</Filter>
    </ClInclude>
    <ClInclude Include="src\resource.h">
      <Filter>Header Files</Filter>
    </ClInclude>
  </ItemGroup>
  <ItemGroup>
    <ResourceCompile Include="src\btrfs.rc">
      <Filter>Resource Files</Filter>
    </ResourceCompile>
  </ItemGroup>
  <ItemGroup>
    <ClCompile Include="src\btrfs.c">
      <Filter>Source Files</Filter>
    </ClCompile>
    <ClCompile Include="src\cache.c">
      <Filter>Source Files</Filter>
    </ClCompile>
    <ClCompile Include="src\crc32c.c">
      <Filter>Source Files</Filter>
    </ClCompile>
    <ClCompile Include="src\create.c">
      <Filter>Source Files</Filter>
    </ClCompile>
    <ClCompile Include="src\dirctrl.c">
      <Filter>Source Files</Filter>
    </ClCompile>
    <ClCompile Include="src\fastio.c">
      <Filter>Source Files</Filter>
    </ClCompile>
    <ClCompile Include="src\fileinfo.c">
      <Filter>Source Files</Filter>
    </ClCompile>
    <ClCompile Include="src\flushthread.c">
      <Filter>Source Files</Filter>
    </ClCompile>
    <ClCompile Include="src\fsctl.c">
      <Filter>Source Files</Filter>
    </ClCompile>
    <ClCompile Include="src\reparse.c">
      <Filter>Source Files</Filter>
    </ClCompile>
    <ClCompile Include="src\search.c">
      <Filter>Source Files</Filter>
    </ClCompile>
    <ClCompile Include="src\security.c">
      <Filter>Source Files</Filter>
    </ClCompile>
    <ClCompile Include="src\treefuncs.c">
      <Filter>Source Files</Filter>
    </ClCompile>
    <ClCompile Include="src\write.c">
      <Filter>Source Files</Filter>
    </ClCompile>
  </ItemGroup>
</Project>