
Microsoft Visual Studio Solution File, Format Version 12.00
# Visual Studio 14
VisualStudioVersion = 14.0.25420.1
MinimumVisualStudioVersion = 10.0.40219.1
Project("{8BC9CEB8-8B4A-11D0-8D11-00A0C91BC942}") = "btrfs", "btrfs.vcxproj", "{1CD3D35A-50A8-4CDC-929C-3C026D4AD5D9}"
EndProject
Project("{8BC9CEB8-8B4A-11D0-8D11-00A0C91BC942}") = "shellbtrfs", "shellbtrfs.vcxproj", "{9BFADB2C-27EE-4C0D-83C2-B87E72E1CC10}"
EndProject
Project("{8BC9CEB8-8B4A-11D0-8D11-00A0C91BC942}") = "ubtrfs", "ubtrfs.vcxproj", "{9A74844D-FC12-404A-B131-0AF7F3B4EB10}"
EndProject
Project("{8BC9CEB8-8B4A-11D0-8D11-00A0C91BC942}") = "mkbtrfs", "mkbtrfs.vcxproj", "{2518533B-5F76-4B31-B906-7BFD15C1379A}"
EndProject
Global
	GlobalSection(SolutionConfigurationPlatforms) = preSolution
		Debug|Win32 = Debug|Win32
		Debug|x64 = Debug|x64
		Release|Win32 = Release|Win32
		Release|x64 = Release|x64
	EndGlobalSection
	GlobalSection(ProjectConfigurationPlatforms) = postSolution
		{1CD3D35A-50A8-4CDC-929C-3C026D4AD5D9}.Debug|Win32.ActiveCfg = Debug|Win32
		{1CD3D35A-50A8-4CDC-929C-3C026D4AD5D9}.Debug|Win32.Build.0 = Debug|Win32
		{1CD3D35A-50A8-4CDC-929C-3C026D4AD5D9}.Debug|x64.ActiveCfg = Debug|x64
		{1CD3D35A-50A8-4CDC-929C-3C026D4AD5D9}.Debug|x64.Build.0 = Debug|x64
		{1CD3D35A-50A8-4CDC-929C-3C026D4AD5D9}.Release|Win32.ActiveCfg = Release|Win32
		{1CD3D35A-50A8-4CDC-929C-3C026D4AD5D9}.Release|Win32.Build.0 = Release|Win32
		{1CD3D35A-50A8-4CDC-929C-3C026D4AD5D9}.Release|x64.ActiveCfg = Release|x64
		{1CD3D35A-50A8-4CDC-929C-3C026D4AD5D9}.Release|x64.Build.0 = Release|x64
		{9BFADB2C-27EE-4C0D-83C2-B87E72E1CC10}.Debug|Win32.ActiveCfg = Debug|Win32
		{9BFADB2C-27EE-4C0D-83C2-B87E72E1CC10}.Debug|Win32.Build.0 = Debug|Win32
		{9BFADB2C-27EE-4C0D-83C2-B87E72E1CC10}.Debug|x64.ActiveCfg = Debug|x64
		{9BFADB2C-27EE-4C0D-83C2-B87E72E1CC10}.Debug|x64.Build.0 = Debug|x64
		{9BFADB2C-27EE-4C0D-83C2-B87E72E1CC10}.Release|Win32.ActiveCfg = Release|Win32
		{9BFADB2C-27EE-4C0D-83C2-B87E72E1CC10}.Release|Win32.Build.0 = Release|Win32
		{9BFADB2C-27EE-4C0D-83C2-B87E72E1CC10}.Release|x64.ActiveCfg = Release|x64
		{9BFADB2C-27EE-4C0D-83C2-B87E72E1CC10}.Release|x64.Build.0 = Release|x64
		{9A74844D-FC12-404A-B131-0AF7F3B4EB10}.Debug|Win32.ActiveCfg = Debug|Win32
		{9A74844D-FC12-404A-B131-0AF7F3B4EB10}.Debug|Win32.Build.0 = Debug|Win32
		{9A74844D-FC12-404A-B131-0AF7F3B4EB10}.Debug|x64.ActiveCfg = Debug|x64
		{9A74844D-FC12-404A-B131-0AF7F3B4EB10}.Debug|x64.Build.0 = Debug|x64
		{9A74844D-FC12-404A-B131-0AF7F3B4EB10}.Release|Win32.ActiveCfg = Release|Win32
		{9A74844D-FC12-404A-B131-0AF7F3B4EB10}.Release|Win32.Build.0 = Release|Win32
		{9A74844D-FC12-404A-B131-0AF7F3B4EB10}.Release|x64.ActiveCfg = Release|x64
		{9A74844D-FC12-404A-B131-0AF7F3B4EB10}.Release|x64.Build.0 = Release|x64
		{2518533B-5F76-4B31-B906-7BFD15C1379A}.Debug|Win32.ActiveCfg = Debug|Win32
		{2518533B-5F76-4B31-B906-7BFD15C1379A}.Debug|Win32.Build.0 = Debug|Win32
		{2518533B-5F76-4B31-B906-7BFD15C1379A}.Debug|x64.ActiveCfg = Debug|x64
		{2518533B-5F76-4B31-B906-7BFD15C1379A}.Debug|x64.Build.0 = Debug|x64
		{2518533B-5F76-4B31-B906-7BFD15C1379A}.Release|Win32.ActiveCfg = Release|Win32
		{2518533B-5F76-4B31-B906-7BFD15C1379A}.Release|Win32.Build.0 = Release|Win32
		{2518533B-5F76-4B31-B906-7BFD15C1379A}.Release|x64.ActiveCfg = Release|x64
		{2518533B-5F76-4B31-B906-7BFD15C1379A}.Release|x64.Build.0 = Release|x64
	EndGlobalSection
	GlobalSection(SolutionProperties) = preSolution
		HideSolutionNode = FALSE
	EndGlobalSection
EndGlobal
